
Microsoft Visual Studio Solution File, Format Version 12.00
# Visual Studio 14
VisualStudioVersion = 14.0.25420.1
MinimumVisualStudioVersion = 10.0.40219.1
Project("{FAE04EC0-301F-11D3-BF4B-00C04F79EFBC}") = "SDC_Automation", "SDC_Automation\SDC_Automation.csproj", "{CA3987F5-7509-4C86-A832-1AF317DD5CAC}"
EndProject
Project("{2150E333-8FDC-42A3-9474-1A3956D46DE8}") = "Solution Items", "Solution Items", "{5C1632C4-6FF0-40B3-8BEF-3EFBBF74FB52}"
EndProject
Global
	GlobalSection(SolutionConfigurationPlatforms) = preSolution
		Debug|Any CPU = Debug|Any CPU
		Release|Any CPU = Release|Any CPU
	EndGlobalSection
	GlobalSection(ProjectConfigurationPlatforms) = postSolution
		{CA3987F5-7509-4C86-A832-1AF317DD5CAC}.Debug|Any CPU.ActiveCfg = Debug|Any CPU
		{CA3987F5-7509-4C86-A832-1AF317DD5CAC}.Debug|Any CPU.Build.0 = Debug|Any CPU
		{CA3987F5-7509-4C86-A832-1AF317DD5CAC}.Release|Any CPU.ActiveCfg = Release|Any CPU
		{CA3987F5-7509-4C86-A832-1AF317DD5CAC}.Release|Any CPU.Build.0 = Release|Any CPU
	EndGlobalSection
	GlobalSection(SolutionProperties) = preSolution
		HideSolutionNode = FALSE
	EndGlobalSection
EndGlobal
